{
  "requires": true,
  "lockfileVersion": 1,
  "dependencies": {
    "@vue/devtools-api": {
      "version": "6.2.1",
      "resolved": "https://registry.npmjs.org/@vue/devtools-api/-/devtools-api-6.2.1.tgz",
      "integrity": "sha512-OEgAMeQXvCoJ+1x8WyQuVZzFo0wcyCmUR3baRVLmKBo1LmYZWMlRiXlux5jd0fqVJu6PfDbOrZItVqUEzLobeQ=="
    },
    "vue-router": {
      "version": "4.1.3",
      "resolved": "https://registry.npmjs.org/vue-router/-/vue-router-4.1.3.tgz",
      "integrity": "sha512-XvK81bcYglKiayT7/vYAg/f36ExPC4t90R/HIpzrZ5x+17BOWptXLCrEPufGgZeuq68ww4ekSIMBZY1qdUdfjA==",
      "requires": {
        "@vue/devtools-api": "^6.1.4"
      }
    }
  }
}
